
Microsoft Visual Studio Solution File, Format Version 12.00
# Visual Studio Version 17
VisualStudioVersion = 17.0.31903.59
MinimumVisualStudioVersion = 10.0.40219.1
Project("{FAE04EC0-301F-11D3-BF4B-00C04F79EFBC}") = "API", "API\API.csproj", "{0D24D0AE-4D41-44B7-874C-D7ECFF3F22FF}"
EndProject
Project("{FAE04EC0-301F-11D3-BF4B-00C04F79EFBC}") = "Infraestructure", "Infraestructure\Infraestructure.csproj", "{45C144EC-AB63-49E8-B966-9EEAEA038500}"
EndProject
Project("{FAE04EC0-301F-11D3-BF4B-00C04F79EFBC}") = "Core", "Core\Core.csproj", "{4C360DAB-ABE8-4B2E-9ED1-4CA586577A8F}"
EndProject
Global
	GlobalSection(SolutionConfigurationPlatforms) = preSolution
		Debug|Any CPU = Debug|Any CPU
		Release|Any CPU = Release|Any CPU
	EndGlobalSection
	GlobalSection(SolutionProperties) = preSolution
		HideSolutionNode = FALSE
	EndGlobalSection
	GlobalSection(ProjectConfigurationPlatforms) = postSolution
		{0D24D0AE-4D41-44B7-874C-D7ECFF3F22FF}.Debug|Any CPU.ActiveCfg = Debug|Any CPU
		{0D24D0AE-4D41-44B7-874C-D7ECFF3F22FF}.Debug|Any CPU.Build.0 = Debug|Any CPU
		{0D24D0AE-4D41-44B7-874C-D7ECFF3F22FF}.Release|Any CPU.ActiveCfg = Release|Any CPU
		{0D24D0AE-4D41-44B7-874C-D7ECFF3F22FF}.Release|Any CPU.Build.0 = Release|Any CPU
		{45C144EC-AB63-49E8-B966-9EEAEA038500}.Debug|Any CPU.ActiveCfg = Debug|Any CPU
		{45C144EC-AB63-49E8-B966-9EEAEA038500}.Debug|Any CPU.Build.0 = Debug|Any CPU
		{45C144EC-AB63-49E8-B966-9EEAEA038500}.Release|Any CPU.ActiveCfg = Release|Any CPU
		{45C144EC-AB63-49E8-B966-9EEAEA038500}.Release|Any CPU.Build.0 = Release|Any CPU
		{4C360DAB-ABE8-4B2E-9ED1-4CA586577A8F}.Debug|Any CPU.ActiveCfg = Debug|Any CPU
		{4C360DAB-ABE8-4B2E-9ED1-4CA586577A8F}.Debug|Any CPU.Build.0 = Debug|Any CPU
		{4C360DAB-ABE8-4B2E-9ED1-4CA586577A8F}.Release|Any CPU.ActiveCfg = Release|Any CPU
		{4C360DAB-ABE8-4B2E-9ED1-4CA586577A8F}.Release|Any CPU.Build.0 = Release|Any CPU
	EndGlobalSection
EndGlobal
